
Microsoft Visual Studio Solution File, Format Version 12.00
# Visual Studio Version 16
VisualStudioVersion = 16.0.32630.194
MinimumVisualStudioVersion = 10.0.40219.1
Project("{FAE04EC0-301F-11D3-BF4B-00C04F79EFBC}") = "git-101-a", "git-101-a.csproj", "{61EAC425-DCB7-4D81-A4F9-6A8828F59480}"
EndProject
Global
	GlobalSection(SolutionConfigurationPlatforms) = preSolution
		Debug|Any CPU = Debug|Any CPU
		Release|Any CPU = Release|Any CPU
	EndGlobalSection
	GlobalSection(ProjectConfigurationPlatforms) = postSolution
		{61EAC425-DCB7-4D81-A4F9-6A8828F59480}.Debug|Any CPU.ActiveCfg = Debug|Any CPU
		{61EAC425-DCB7-4D81-A4F9-6A8828F59480}.Debug|Any CPU.Build.0 = Debug|Any CPU
		{61EAC425-DCB7-4D81-A4F9-6A8828F59480}.Release|Any CPU.ActiveCfg = Release|Any CPU
		{61EAC425-DCB7-4D81-A4F9-6A8828F59480}.Release|Any CPU.Build.0 = Release|Any CPU
	EndGlobalSection
	GlobalSection(SolutionProperties) = preSolution
		HideSolutionNode = FALSE
	EndGlobalSection
	GlobalSection(ExtensibilityGlobals) = postSolution
		SolutionGuid = {BCB3A913-020B-4A15-81B7-03BCAD5936B7}
	EndGlobalSection
EndGlobal
